
Microsoft Visual Studio Solution File, Format Version 12.00
# Visual Studio 15
VisualStudioVersion = 15.0.26124.0
MinimumVisualStudioVersion = 15.0.26124.0
Project("{F2A71F9B-5D33-465A-A702-920D77279786}") = "app", "src\app.fsproj", "{2B064853-BC3E-4AAA-9E7F-D4E79A88274F}"
EndProject
Project("{F2A71F9B-5D33-465A-A702-920D77279786}") = "tests", "tests\tests.fsproj", "{3C8884B5-8816-4A8A-9878-04701B23333D}"
EndProject
Global
	GlobalSection(SolutionConfigurationPlatforms) = preSolution
		Debug|Any CPU = Debug|Any CPU
		Debug|x64 = Debug|x64
		Debug|x86 = Debug|x86
		Release|Any CPU = Release|Any CPU
		Release|x64 = Release|x64
		Release|x86 = Release|x86
	EndGlobalSection
	GlobalSection(SolutionProperties) = preSolution
		HideSolutionNode = FALSE
	EndGlobalSection
	GlobalSection(ProjectConfigurationPlatforms) = postSolution
		{2B064853-BC3E-4AAA-9E7F-D4E79A88274F}.Debug|Any CPU.ActiveCfg = Debug|Any CPU
		{2B064853-BC3E-4AAA-9E7F-D4E79A88274F}.Debug|Any CPU.Build.0 = Debug|Any CPU
		{2B064853-BC3E-4AAA-9E7F-D4E79A88274F}.Debug|x64.ActiveCfg = Debug|Any CPU
		{2B064853-BC3E-4AAA-9E7F-D4E79A88274F}.Debug|x64.Build.0 = Debug|Any CPU
		{2B064853-BC3E-4AAA-9E7F-D4E79A88274F}.Debug|x86.ActiveCfg = Debug|Any CPU
		{2B064853-BC3E-4AAA-9E7F-D4E79A88274F}.Debug|x86.Build.0 = Debug|Any CPU
		{2B064853-BC3E-4AAA-9E7F-D4E79A88274F}.Release|Any CPU.ActiveCfg = Release|Any CPU
		{2B064853-BC3E-4AAA-9E7F-D4E79A88274F}.Release|Any CPU.Build.0 = Release|Any CPU
		{2B064853-BC3E-4AAA-9E7F-D4E79A88274F}.Release|x64.ActiveCfg = Release|Any CPU
		{2B064853-BC3E-4AAA-9E7F-D4E79A88274F}.Release|x64.Build.0 = Release|Any CPU
		{2B064853-BC3E-4AAA-9E7F-D4E79A88274F}.Release|x86.ActiveCfg = Release|Any CPU
		{2B064853-BC3E-4AAA-9E7F-D4E79A88274F}.Release|x86.Build.0 = Release|Any CPU
		{3C8884B5-8816-4A8A-9878-04701B23333D}.Debug|Any CPU.ActiveCfg = Debug|Any CPU
		{3C8884B5-8816-4A8A-9878-04701B23333D}.Debug|Any CPU.Build.0 = Debug|Any CPU
		{3C8884B5-8816-4A8A-9878-04701B23333D}.Debug|x64.ActiveCfg = Debug|Any CPU
		{3C8884B5-8816-4A8A-9878-04701B23333D}.Debug|x64.Build.0 = Debug|Any CPU
		{3C8884B5-8816-4A8A-9878-04701B23333D}.Debug|x86.ActiveCfg = Debug|Any CPU
		{3C8884B5-8816-4A8A-9878-04701B23333D}.Debug|x86.Build.0 = Debug|Any CPU
		{3C8884B5-8816-4A8A-9878-04701B23333D}.Release|Any CPU.ActiveCfg = Release|Any CPU
		{3C8884B5-8816-4A8A-9878-04701B23333D}.Release|Any CPU.Build.0 = Release|Any CPU
		{3C8884B5-8816-4A8A-9878-04701B23333D}.Release|x64.ActiveCfg = Release|Any CPU
		{3C8884B5-8816-4A8A-9878-04701B23333D}.Release|x64.Build.0 = Release|Any CPU
		{3C8884B5-8816-4A8A-9878-04701B23333D}.Release|x86.ActiveCfg = Release|Any CPU
		{3C8884B5-8816-4A8A-9878-04701B23333D}.Release|x86.Build.0 = Release|Any CPU
	EndGlobalSection
EndGlobal
